
Microsoft Visual Studio Solution File, Format Version 9.00
# Visual Studio 2005
Project("{8BC9CEB8-8B4A-11D0-8D11-00A0C91BC942}") = "1004 -- Financial Management", "Financial Management\Financial Management.vcproj", "{65AE007A-864C-4CB6-999E-07D379D5C679}"
EndProject
Project("{8BC9CEB8-8B4A-11D0-8D11-00A0C91BC942}") = "1000 -- A+B Problem", "A+B Problem\ACM.vcproj", "{A5365FD6-E9D1-458C-88AB-3F6DDF7F6D3C}"
EndProject
Project("{8BC9CEB8-8B4A-11D0-8D11-00A0C91BC942}") = "1007 -- DNA Sorting", "DNA Sorting\DNA Sorting.vcproj", "{E9AE895B-5CC5-42E9-B595-E2D458B1C5DE}"
EndProject
Project("{8BC9CEB8-8B4A-11D0-8D11-00A0C91BC942}") = "1005 -- I Think I Need a Houseboat", "I Think I Need a Houseboat\I Think I Need a Houseboat.vcproj", "{89D967FA-2518-494A-89DD-D45969896E90}"
EndProject
Project("{8BC9CEB8-8B4A-11D0-8D11-00A0C91BC942}") = "1011 -- Sticks", "Sticks\Sticks.vcproj", "{31E08246-870B-40F0-95A7-798ED81B10C7}"
EndProject
Project("{8BC9CEB8-8B4A-11D0-8D11-00A0C91BC942}") = "Parliament", "Parliament\Parliament.vcproj", "{72F0D1C6-34AE-4FF9-B991-ACF2E8DA72E8}"
EndProject
Project("{8BC9CEB8-8B4A-11D0-8D11-00A0C91BC942}") = "1088 -- 滑雪", "滑雪\滑雪.vcproj", "{C6BBC280-173C-4A0E-83E5-F784219CA805}"
EndProject
Project("{8BC9CEB8-8B4A-11D0-8D11-00A0C91BC942}") = "1011 -- Sticks_tczyp", "Sticks_tczyp\Sticks_tczyp.vcproj", "{5411A58F-6359-409F-BC6D-9C5D4DF6358B}"
EndProject
Project("{8BC9CEB8-8B4A-11D0-8D11-00A0C91BC942}") = "1006 -- Biorhythms", "Biorhythms\Biorhythms.vcproj", "{42735928-231E-429B-A022-AD7C2F9F0919}"
EndProject
Project("{8BC9CEB8-8B4A-11D0-8D11-00A0C91BC942}") = "Web Navigation", "Web Navigation\Web Navigation.vcproj", "{F31D13EF-34A4-42BD-873D-539E242C1A27}"
EndProject
Project("{8BC9CEB8-8B4A-11D0-8D11-00A0C91BC942}") = "STL", "STL\STL.vcproj", "{E9E6A134-D488-45AF-8C2B-F819A51EEC77}"
EndProject
Project("{8BC9CEB8-8B4A-11D0-8D11-00A0C91BC942}") = "Long Long Message", "Long Long Message\Long Long Message.vcproj", "{DEA3541F-1D8B-464F-A21F-E78B6B109B7A}"
EndProject
Project("{8BC9CEB8-8B4A-11D0-8D11-00A0C91BC942}") = "Happy 2006", "Happy 2006\Happy 2006.vcproj", "{9192C890-0839-4654-8F6E-802F0A3115EF}"
EndProject
Project("{8BC9CEB8-8B4A-11D0-8D11-00A0C91BC942}") = "1007 -- DNA Sorting_Aimar", "DNA Sorting_Aimar\DNA Sorting_Aimar.vcproj", "{252BD3A2-7120-4BEE-9106-3A469170B986}"
EndProject
Project("{8BC9CEB8-8B4A-11D0-8D11-00A0C91BC942}") = "Self Numbers", "Self Numbers\Self Numbers.vcproj", "{9CAE71A9-899C-4221-BA00-4C916BE24112}"
EndProject
Project("{8BC9CEB8-8B4A-11D0-8D11-00A0C91BC942}") = "1006 -- Biorhythms_answer", "Biorhythms_answer\Biorhythms_answer.vcproj", "{F64BD476-AAD6-4B97-B791-99DF74D9BF61}"
EndProject
Project("{8BC9CEB8-8B4A-11D0-8D11-00A0C91BC942}") = "1008 -- Maya Calendar", "1008 -- Maya Calendar\1008 -- Maya Calendar.vcproj", "{1FD2CCCD-31FA-4845-A400-25DC2D625BA7}"
EndProject
Project("{8BC9CEB8-8B4A-11D0-8D11-00A0C91BC942}") = "1013 -- Counterfeit Dollar", "1013 -- Counterfeit Dollar\1013 -- Counterfeit Dollar.vcproj", "{4EDD309A-080E-4AAA-9A2C-1FCC2874DF8E}"
EndProject
Project("{8BC9CEB8-8B4A-11D0-8D11-00A0C91BC942}") = "1163 -- The Triangle", "1163 -- The Triangle\1163 -- The Triangle.vcproj", "{1071EA27-E8D3-4EFB-BA3A-C59368CAF5B3}"
EndProject
Project("{8BC9CEB8-8B4A-11D0-8D11-00A0C91BC942}") = "1163 -- The Triangle_aimar", "1163 -- The Triangle_aimar\1163 -- The Triangle_aimar.vcproj", "{DE16CC2A-C38C-4C3B-99D7-68D7236A77D8}"
EndProject
Project("{8BC9CEB8-8B4A-11D0-8D11-00A0C91BC942}") = "1088 -- 滑雪_aimar", "1088 -- 滑雪_aimar\1088 -- 滑雪_aimar.vcproj", "{9A2DDB54-FDBC-4982-9286-4293748F61E3}"
EndProject
Project("{8BC9CEB8-8B4A-11D0-8D11-00A0C91BC942}") = "SCUTCPC -- A", "SCUTCPC -- A\SCUTCPC -- A.vcproj", "{7BBD5173-7C18-4A33-8135-DBB888F43085}"
EndProject
Project("{8BC9CEB8-8B4A-11D0-8D11-00A0C91BC942}") = "SCUTCPC -- B", "SCUTCPC -- B\SCUTCPC -- B.vcproj", "{184310C1-3A0F-46CD-A914-9D79B37CAFC3}"
EndProject
Project("{8BC9CEB8-8B4A-11D0-8D11-00A0C91BC942}") = "SCUTCPC -- C", "SCUTCPC -- C\SCUTCPC -- C.vcproj", "{700119C6-4365-4C28-9B5E-647F76E49D5E}"
EndProject
Project("{8BC9CEB8-8B4A-11D0-8D11-00A0C91BC942}") = "1002 -- 487-3279", "1002 -- 487-3279\1002 -- 487-3279.vcproj", "{4A252288-7029-4DD3-BDC4-E94B4E2CFAAA}"
EndProject
Project("{8BC9CEB8-8B4A-11D0-8D11-00A0C91BC942}") = "Rabin-Miller素数测试", "Rabin-Miller素数测试\Rabin-Miller素数测试.vcproj", "{0E270CB6-812E-4B0A-89BB-2E2184F0C517}"
EndProject
Project("{8BC9CEB8-8B4A-11D0-8D11-00A0C91BC942}") = "Input_Output", "Input_Output\Input_Output.vcproj", "{2A3FB232-37DE-407C-9DBB-E3A585FE3AA6}"
EndProject
Project("{8BC9CEB8-8B4A-11D0-8D11-00A0C91BC942}") = "Astar2006_1", "Astar2006_1\Astar2006_1.vcproj", "{DC7C614E-CF9E-44BF-89AC-15A65922B534}"
EndProject
Project("{8BC9CEB8-8B4A-11D0-8D11-00A0C91BC942}") = "Astar2006_2", "Astar2006_2\Astar2006_2.vcproj", "{F4BAE12D-46AF-4916-8AD6-6EEBA9E0E9DD}"
EndProject
Project("{8BC9CEB8-8B4A-11D0-8D11-00A0C91BC942}") = "A+B for Input-Output Practice", "A+B for Input-Output Practice\A+B for Input-Output Practice.vcproj", "{99E18F3E-431A-49BB-8DCE-2EF67863255E}"
EndProject
Project("{8BC9CEB8-8B4A-11D0-8D11-00A0C91BC942}") = "1051 -- P,MTHBGWB", "1051 -- P,MTHBGWB\1051 -- P,MTHBGWB.vcproj", "{B2822B67-ED98-47FD-BF60-ACF34EE1D9BC}"
EndProject
Project("{8BC9CEB8-8B4A-11D0-8D11-00A0C91BC942}") = "1068 -- Parencodings", "1068 -- Parencodings\1068 -- Parencodings.vcproj", "{90EF5BF7-D71E-444C-A3CB-8D98C21F698C}"
EndProject
Project("{8BC9CEB8-8B4A-11D0-8D11-00A0C91BC942}") = "1128 -- Frame Stacking", "1128 -- Frame Stacking\1128 -- Frame Stacking.vcproj", "{7B7DDCB0-29D1-44F0-96BD-FE1416C8BD75}"
EndProject
Global
	GlobalSection(SolutionConfigurationPlatforms) = preSolution
		Debug|Win32 = Debug|Win32
		Release|Win32 = Release|Win32
	EndGlobalSection
	GlobalSection(ProjectConfigurationPlatforms) = postSolution
		{65AE007A-864C-4CB6-999E-07D379D5C679}.Debug|Win32.ActiveCfg = Debug|Win32
		{65AE007A-864C-4CB6-999E-07D379D5C679}.Debug|Win32.Build.0 = Debug|Win32
		{65AE007A-864C-4CB6-999E-07D379D5C679}.Release|Win32.ActiveCfg = Release|Win32
		{65AE007A-864C-4CB6-999E-07D379D5C679}.Release|Win32.Build.0 = Release|Win32
		{A5365FD6-E9D1-458C-88AB-3F6DDF7F6D3C}.Debug|Win32.ActiveCfg = Debug|Win32
		{A5365FD6-E9D1-458C-88AB-3F6DDF7F6D3C}.Debug|Win32.Build.0 = Debug|Win32
		{A5365FD6-E9D1-458C-88AB-3F6DDF7F6D3C}.Release|Win32.ActiveCfg = Release|Win32
		{A5365FD6-E9D1-458C-88AB-3F6DDF7F6D3C}.Release|Win32.Build.0 = Release|Win32
		{E9AE895B-5CC5-42E9-B595-E2D458B1C5DE}.Debug|Win32.ActiveCfg = Debug|Win32
		{E9AE895B-5CC5-42E9-B595-E2D458B1C5DE}.Debug|Win32.Build.0 = Debug|Win32
		{E9AE895B-5CC5-42E9-B595-E2D458B1C5DE}.Release|Win32.ActiveCfg = Release|Win32
		{E9AE895B-5CC5-42E9-B595-E2D458B1C5DE}.Release|Win32.Build.0 = Release|Win32
		{89D967FA-2518-494A-89DD-D45969896E90}.Debug|Win32.ActiveCfg = Debug|Win32
		{89D967FA-2518-494A-89DD-D45969896E90}.Debug|Win32.Build.0 = Debug|Win32
		{89D967FA-2518-494A-89DD-D45969896E90}.Release|Win32.ActiveCfg = Release|Win32
		{89D967FA-2518-494A-89DD-D45969896E90}.Release|Win32.Build.0 = Release|Win32
		{31E08246-870B-40F0-95A7-798ED81B10C7}.Debug|Win32.ActiveCfg = Debug|Win32
		{31E08246-870B-40F0-95A7-798ED81B10C7}.Debug|Win32.Build.0 = Debug|Win32
		{31E08246-870B-40F0-95A7-798ED81B10C7}.Release|Win32.ActiveCfg = Release|Win32
		{31E08246-870B-40F0-95A7-798ED81B10C7}.Release|Win32.Build.0 = Release|Win32
		{72F0D1C6-34AE-4FF9-B991-ACF2E8DA72E8}.Debug|Win32.ActiveCfg = Debug|Win32
		{72F0D1C6-34AE-4FF9-B991-ACF2E8DA72E8}.Debug|Win32.Build.0 = Debug|Win32
		{72F0D1C6-34AE-4FF9-B991-ACF2E8DA72E8}.Release|Win32.ActiveCfg = Release|Win32
		{72F0D1C6-34AE-4FF9-B991-ACF2E8DA72E8}.Release|Win32.Build.0 = Release|Win32
		{C6BBC280-173C-4A0E-83E5-F784219CA805}.Debug|Win32.ActiveCfg = Debug|Win32
		{C6BBC280-173C-4A0E-83E5-F784219CA805}.Debug|Win32.Build.0 = Debug|Win32
		{C6BBC280-173C-4A0E-83E5-F784219CA805}.Release|Win32.ActiveCfg = Release|Win32
		{C6BBC280-173C-4A0E-83E5-F784219CA805}.Release|Win32.Build.0 = Release|Win32
		{5411A58F-6359-409F-BC6D-9C5D4DF6358B}.Debug|Win32.ActiveCfg = Debug|Win32
		{5411A58F-6359-409F-BC6D-9C5D4DF6358B}.Debug|Win32.Build.0 = Debug|Win32
		{5411A58F-6359-409F-BC6D-9C5D4DF6358B}.Release|Win32.ActiveCfg = Release|Win32
		{5411A58F-6359-409F-BC6D-9C5D4DF6358B}.Release|Win32.Build.0 = Release|Win32
		{42735928-231E-429B-A022-AD7C2F9F0919}.Debug|Win32.ActiveCfg = Debug|Win32
		{42735928-231E-429B-A022-AD7C2F9F0919}.Debug|Win32.Build.0 = Debug|Win32
		{42735928-231E-429B-A022-AD7C2F9F0919}.Release|Win32.ActiveCfg = Release|Win32
		{42735928-231E-429B-A022-AD7C2F9F0919}.Release|Win32.Build.0 = Release|Win32
		{F31D13EF-34A4-42BD-873D-539E242C1A27}.Debug|Win32.ActiveCfg = Debug|Win32
		{F31D13EF-34A4-42BD-873D-539E242C1A27}.Debug|Win32.Build.0 = Debug|Win32
		{F31D13EF-34A4-42BD-873D-539E242C1A27}.Release|Win32.ActiveCfg = Release|Win32
		{F31D13EF-34A4-42BD-873D-539E242C1A27}.Release|Win32.Build.0 = Release|Win32
		{E9E6A134-D488-45AF-8C2B-F819A51EEC77}.Debug|Win32.ActiveCfg = Debug|Win32
		{E9E6A134-D488-45AF-8C2B-F819A51EEC77}.Debug|Win32.Build.0 = Debug|Win32
		{E9E6A134-D488-45AF-8C2B-F819A51EEC77}.Release|Win32.ActiveCfg = Release|Win32
		{E9E6A134-D488-45AF-8C2B-F819A51EEC77}.Release|Win32.Build.0 = Release|Win32
		{DEA3541F-1D8B-464F-A21F-E78B6B109B7A}.Debug|Win32.ActiveCfg = Debug|Win32
		{DEA3541F-1D8B-464F-A21F-E78B6B109B7A}.Debug|Win32.Build.0 = Debug|Win32
		{DEA3541F-1D8B-464F-A21F-E78B6B109B7A}.Release|Win32.ActiveCfg = Release|Win32
		{DEA3541F-1D8B-464F-A21F-E78B6B109B7A}.Release|Win32.Build.0 = Release|Win32
		{9192C890-0839-4654-8F6E-802F0A3115EF}.Debug|Win32.ActiveCfg = Debug|Win32
		{9192C890-0839-4654-8F6E-802F0A3115EF}.Debug|Win32.Build.0 = Debug|Win32
		{9192C890-0839-4654-8F6E-802F0A3115EF}.Release|Win32.ActiveCfg = Release|Win32
		{9192C890-0839-4654-8F6E-802F0A3115EF}.Release|Win32.Build.0 = Release|Win32
		{252BD3A2-7120-4BEE-9106-3A469170B986}.Debug|Win32.ActiveCfg = Debug|Win32
		{252BD3A2-7120-4BEE-9106-3A469170B986}.Debug|Win32.Build.0 = Debug|Win32
		{252BD3A2-7120-4BEE-9106-3A469170B986}.Release|Win32.ActiveCfg = Release|Win32
		{252BD3A2-7120-4BEE-9106-3A469170B986}.Release|Win32.Build.0 = Release|Win32
		{9CAE71A9-899C-4221-BA00-4C916BE24112}.Debug|Win32.ActiveCfg = Debug|Win32
		{9CAE71A9-899C-4221-BA00-4C916BE24112}.Debug|Win32.Build.0 = Debug|Win32
		{9CAE71A9-899C-4221-BA00-4C916BE24112}.Release|Win32.ActiveCfg = Release|Win32
		{9CAE71A9-899C-4221-BA00-4C916BE24112}.Release|Win32.Build.0 = Release|Win32
		{F64BD476-AAD6-4B97-B791-99DF74D9BF61}.Debug|Win32.ActiveCfg = Debug|Win32
		{F64BD476-AAD6-4B97-B791-99DF74D9BF61}.Debug|Win32.Build.0 = Debug|Win32
		{F64BD476-AAD6-4B97-B791-99DF74D9BF61}.Release|Win32.ActiveCfg = Release|Win32
		{F64BD476-AAD6-4B97-B791-99DF74D9BF61}.Release|Win32.Build.0 = Release|Win32
		{1FD2CCCD-31FA-4845-A400-25DC2D625BA7}.Debug|Win32.ActiveCfg = Debug|Win32
		{1FD2CCCD-31FA-4845-A400-25DC2D625BA7}.Debug|Win32.Build.0 = Debug|Win32
		{1FD2CCCD-31FA-4845-A400-25DC2D625BA7}.Release|Win32.ActiveCfg = Release|Win32
		{1FD2CCCD-31FA-4845-A400-25DC2D625BA7}.Release|Win32.Build.0 = Release|Win32
		{4EDD309A-080E-4AAA-9A2C-1FCC2874DF8E}.Debug|Win32.ActiveCfg = Debug|Win32
		{4EDD309A-080E-4AAA-9A2C-1FCC2874DF8E}.Debug|Win32.Build.0 = Debug|Win32
		{4EDD309A-080E-4AAA-9A2C-1FCC2874DF8E}.Release|Win32.ActiveCfg = Release|Win32
		{4EDD309A-080E-4AAA-9A2C-1FCC2874DF8E}.Release|Win32.Build.0 = Release|Win32
		{1071EA27-E8D3-4EFB-BA3A-C59368CAF5B3}.Debug|Win32.ActiveCfg = Debug|Win32
		{1071EA27-E8D3-4EFB-BA3A-C59368CAF5B3}.Debug|Win32.Build.0 = Debug|Win32
		{1071EA27-E8D3-4EFB-BA3A-C59368CAF5B3}.Release|Win32.ActiveCfg = Release|Win32
		{1071EA27-E8D3-4EFB-BA3A-C59368CAF5B3}.Release|Win32.Build.0 = Release|Win32
		{DE16CC2A-C38C-4C3B-99D7-68D7236A77D8}.Debug|Win32.ActiveCfg = Debug|Win32
		{DE16CC2A-C38C-4C3B-99D7-68D7236A77D8}.Debug|Win32.Build.0 = Debug|Win32
		{DE16CC2A-C38C-4C3B-99D7-68D7236A77D8}.Release|Win32.ActiveCfg = Release|Win32
		{DE16CC2A-C38C-4C3B-99D7-68D7236A77D8}.Release|Win32.Build.0 = Release|Win32
		{9A2DDB54-FDBC-4982-9286-4293748F61E3}.Debug|Win32.ActiveCfg = Debug|Win32
		{9A2DDB54-FDBC-4982-9286-4293748F61E3}.Debug|Win32.Build.0 = Debug|Win32
		{9A2DDB54-FDBC-4982-9286-4293748F61E3}.Release|Win32.ActiveCfg = Release|Win32
		{9A2DDB54-FDBC-4982-9286-4293748F61E3}.Release|Win32.Build.0 = Release|Win32
		{7BBD5173-7C18-4A33-8135-DBB888F43085}.Debug|Win32.ActiveCfg = Debug|Win32
		{7BBD5173-7C18-4A33-8135-DBB888F43085}.Debug|Win32.Build.0 = Debug|Win32
		{7BBD5173-7C18-4A33-8135-DBB888F43085}.Release|Win32.ActiveCfg = Release|Win32
		{7BBD5173-7C18-4A33-8135-DBB888F43085}.Release|Win32.Build.0 = Release|Win32
		{184310C1-3A0F-46CD-A914-9D79B37CAFC3}.Debug|Win32.ActiveCfg = Debug|Win32
		{184310C1-3A0F-46CD-A914-9D79B37CAFC3}.Debug|Win32.Build.0 = Debug|Win32
		{184310C1-3A0F-46CD-A914-9D79B37CAFC3}.Release|Win32.ActiveCfg = Release|Win32
		{184310C1-3A0F-46CD-A914-9D79B37CAFC3}.Release|Win32.Build.0 = Release|Win32
		{700119C6-4365-4C28-9B5E-647F76E49D5E}.Debug|Win32.ActiveCfg = Debug|Win32
		{700119C6-4365-4C28-9B5E-647F76E49D5E}.Debug|Win32.Build.0 = Debug|Win32
		{700119C6-4365-4C28-9B5E-647F76E49D5E}.Release|Win32.ActiveCfg = Release|Win32
		{700119C6-4365-4C28-9B5E-647F76E49D5E}.Release|Win32.Build.0 = Release|Win32
		{4A252288-7029-4DD3-BDC4-E94B4E2CFAAA}.Debug|Win32.ActiveCfg = Debug|Win32
		{4A252288-7029-4DD3-BDC4-E94B4E2CFAAA}.Debug|Win32.Build.0 = Debug|Win32
		{4A252288-7029-4DD3-BDC4-E94B4E2CFAAA}.Release|Win32.ActiveCfg = Release|Win32
		{4A252288-7029-4DD3-BDC4-E94B4E2CFAAA}.Release|Win32.Build.0 = Release|Win32
		{0E270CB6-812E-4B0A-89BB-2E2184F0C517}.Debug|Win32.ActiveCfg = Debug|Win32
		{0E270CB6-812E-4B0A-89BB-2E2184F0C517}.Debug|Win32.Build.0 = Debug|Win32
		{0E270CB6-812E-4B0A-89BB-2E2184F0C517}.Release|Win32.ActiveCfg = Release|Win32
		{0E270CB6-812E-4B0A-89BB-2E2184F0C517}.Release|Win32.Build.0 = Release|Win32
		{2A3FB232-37DE-407C-9DBB-E3A585FE3AA6}.Debug|Win32.ActiveCfg = Debug|Win32
		{2A3FB232-37DE-407C-9DBB-E3A585FE3AA6}.Debug|Win32.Build.0 = Debug|Win32
		{2A3FB232-37DE-407C-9DBB-E3A585FE3AA6}.Release|Win32.ActiveCfg = Release|Win32
		{2A3FB232-37DE-407C-9DBB-E3A585FE3AA6}.Release|Win32.Build.0 = Release|Win32
		{DC7C614E-CF9E-44BF-89AC-15A65922B534}.Debug|Win32.ActiveCfg = Debug|Win32
		{DC7C614E-CF9E-44BF-89AC-15A65922B534}.Debug|Win32.Build.0 = Debug|Win32
		{DC7C614E-CF9E-44BF-89AC-15A65922B534}.Release|Win32.ActiveCfg = Release|Win32
		{DC7C614E-CF9E-44BF-89AC-15A65922B534}.Release|Win32.Build.0 = Release|Win32
		{F4BAE12D-46AF-4916-8AD6-6EEBA9E0E9DD}.Debug|Win32.ActiveCfg = Debug|Win32
		{F4BAE12D-46AF-4916-8AD6-6EEBA9E0E9DD}.Debug|Win32.Build.0 = Debug|Win32
		{F4BAE12D-46AF-4916-8AD6-6EEBA9E0E9DD}.Release|Win32.ActiveCfg = Release|Win32
		{F4BAE12D-46AF-4916-8AD6-6EEBA9E0E9DD}.Release|Win32.Build.0 = Release|Win32
		{99E18F3E-431A-49BB-8DCE-2EF67863255E}.Debug|Win32.ActiveCfg = Debug|Win32
		{99E18F3E-431A-49BB-8DCE-2EF67863255E}.Debug|Win32.Build.0 = Debug|Win32
		{99E18F3E-431A-49BB-8DCE-2EF67863255E}.Release|Win32.ActiveCfg = Release|Win32
		{99E18F3E-431A-49BB-8DCE-2EF67863255E}.Release|Win32.Build.0 = Release|Win32
		{B2822B67-ED98-47FD-BF60-ACF34EE1D9BC}.Debug|Win32.ActiveCfg = Debug|Win32
		{B2822B67-ED98-47FD-BF60-ACF34EE1D9BC}.Debug|Win32.Build.0 = Debug|Win32
		{B2822B67-ED98-47FD-BF60-ACF34EE1D9BC}.Release|Win32.ActiveCfg = Release|Win32
		{B2822B67-ED98-47FD-BF60-ACF34EE1D9BC}.Release|Win32.Build.0 = Release|Win32
		{90EF5BF7-D71E-444C-A3CB-8D98C21F698C}.Debug|Win32.ActiveCfg = Debug|Win32
		{90EF5BF7-D71E-444C-A3CB-8D98C21F698C}.Debug|Win32.Build.0 = Debug|Win32
		{90EF5BF7-D71E-444C-A3CB-8D98C21F698C}.Release|Win32.ActiveCfg = Release|Win32
		{90EF5BF7-D71E-444C-A3CB-8D98C21F698C}.Release|Win32.Build.0 = Release|Win32
		{7B7DDCB0-29D1-44F0-96BD-FE1416C8BD75}.Debug|Win32.ActiveCfg = Debug|Win32
		{7B7DDCB0-29D1-44F0-96BD-FE1416C8BD75}.Debug|Win32.Build.0 = Debug|Win32
		{7B7DDCB0-29D1-44F0-96BD-FE1416C8BD75}.Release|Win32.ActiveCfg = Release|Win32
		{7B7DDCB0-29D1-44F0-96BD-FE1416C8BD75}.Release|Win32.Build.0 = Release|Win32
	EndGlobalSection
	GlobalSection(SolutionProperties) = preSolution
		HideSolutionNode = FALSE
	EndGlobalSection
EndGlobal
